
Microsoft Visual Studio Solution File, Format Version 12.00
# Visual Studio Version 17
VisualStudioVersion = 17.14.36408.4 d17.14
MinimumVisualStudioVersion = 10.0.40219.1
Project("{FAE04EC0-301F-11D3-BF4B-00C04F79EFBC}") = "QLTVNhom3", "QLTVNhom3.csproj", "{A0D113A4-18E4-44E2-B9C1-4F6893E217CC}"
EndProject
Global
	GlobalSection(SolutionConfigurationPlatforms) = preSolution
		Debug|Any CPU = Debug|Any CPU
		Release|Any CPU = Release|Any CPU
	EndGlobalSection
	GlobalSection(ProjectConfigurationPlatforms) = postSolution
		{A0D113A4-18E4-44E2-B9C1-4F6893E217CC}.Debug|Any CPU.ActiveCfg = Debug|Any CPU
		{A0D113A4-18E4-44E2-B9C1-4F6893E217CC}.Debug|Any CPU.Build.0 = Debug|Any CPU
		{A0D113A4-18E4-44E2-B9C1-4F6893E217CC}.Release|Any CPU.ActiveCfg = Release|Any CPU
		{A0D113A4-18E4-44E2-B9C1-4F6893E217CC}.Release|Any CPU.Build.0 = Release|Any CPU
	EndGlobalSection
	GlobalSection(SolutionProperties) = preSolution
		HideSolutionNode = FALSE
	EndGlobalSection
	GlobalSection(ExtensibilityGlobals) = postSolution
		SolutionGuid = {0E5AC7FB-1674-482F-A299-5F3EC1C75310}
	EndGlobalSection
EndGlobal
